// !$*UTF8*$!
{
	archiveVersion = 1;
	classes = {
	};
	objectVersion = 50;
	objects = {

/* Begin PBXBuildFile section */
		DAB6FE18207FD340000367AE /* AppDelegate.m in Sources */ = {isa = PBXBuildFile; fileRef = DAB6FE17207FD340000367AE /* AppDelegate.m */; };
		DAB6FE1B207FD340000367AE /* ViewController.m in Sources */ = {isa = PBXBuildFile; fileRef = DAB6FE1A207FD340000367AE /* ViewController.m */; };
		DAB6FE1E207FD340000367AE /* Main.storyboard in Resources */ = {isa = PBXBuildFile; fileRef = DAB6FE1C207FD340000367AE /* Main.storyboard */; };
		DAB6FE20207FD341000367AE /* Assets.xcassets in Resources */ = {isa = PBXBuildFile; fileRef = DAB6FE1F207FD341000367AE /* Assets.xcassets */; };
		DAB6FE23207FD341000367AE /* LaunchScreen.storyboard in Resources */ = {isa = PBXBuildFile; fileRef = DAB6FE21207FD341000367AE /* LaunchScreen.storyboard */; };
		DAB6FE26207FD341000367AE /* main.m in Sources */ = {isa = PBXBuildFile; fileRef = DAB6FE25207FD341000367AE /* main.m */; };
/* End PBXBuildFile section */

/* Begin PBXFileReference section */
		DAB6FE13207FD340000367AE /* CodeJamApr12.app */ = {isa = PBXFileReference; explicitFileType = wrapper.application; includeInIndex = 0; path = CodeJamApr12.app; sourceTree = BUILT_PRODUCTS_DIR; };
		DAB6FE16207FD340000367AE /* AppDelegate.h */ = {isa = PBXFileReference; lastKnownFileType = sourcecode.c.h; path = AppDelegate.h; sourceTree = "<group>"; };
		DAB6FE17207FD340000367AE /* AppDelegate.m */ = {isa = PBXFileReference; lastKnownFileType = sourcecode.c.objc; path = AppDelegate.m; sourceTree = "<group>"; };
		DAB6FE19207FD340000367AE /* ViewController.h */ = {isa = PBXFileReference; lastKnownFileType = sourcecode.c.h; path = ViewController.h; sourceTree = "<group>"; };
		DAB6FE1A207FD340000367AE /* ViewController.m */ = {isa = PBXFileReference; lastKnownFileType = sourcecode.c.objc; path = ViewController.m; sourceTree = "<group>"; };
		DAB6FE1D207FD340000367AE /* Base */ = {isa = PBXFileReference; lastKnownFileType = file.storyboard; name = Base; path = Base.lproj/Main.storyboard; sourceTree = "<group>"; };
		DAB6FE1F207FD341000367AE /* Assets.xcassets */ = {isa = PBXFileReference; lastKnownFileType = folder.assetcatalog; path = Assets.xcassets; sourceTree = "<group>"; };
		DAB6FE22207FD341000367AE /* Base */ = {isa = PBXFileReference; lastKnownFileType = file.storyboard; name = Base; path = Base.lproj/LaunchScreen.storyboard; sourceTree = "<group>"; };
		DAB6FE24207FD341000367AE /* Info.plist */ = {isa = PBXFileReference; lastKnownFileType = text.plist.xml; path = Info.plist; sourceTree = "<group>"; };
		DAB6FE25207FD341000367AE /* main.m */ = {isa = PBXFileReference; lastKnownFileType = sourcecode.c.objc; path = main.m; sourceTree = "<group>"; };
/* End PBXFileReference section */

/* Begin PBXFrameworksBuildPhase section */
		DAB6FE10207FD340000367AE /* Frameworks */ = {
			isa = PBXFrameworksBuildPhase;
			buildActionMask = 2147483647;
			files = (
			);
			runOnlyForDeploymentPostprocessing = 0;
		};
/* End PBXFrameworksBuildPhase section */

/* Begin PBXGroup section */
		DAB6FE0A207FD340000367AE = {
			isa = PBXGroup;
			children = (
				DAB6FE15207FD340000367AE /* CodeJamApr12 */,
				DAB6FE14207FD340000367AE /* Products */,
			);
			sourceTree = "<group>";
		};
		DAB6FE14207FD340000367AE /* Products */ = {
			isa = PBXGroup;
			children = (
				DAB6FE13207FD340000367AE /* CodeJamApr12.app */,
			);
			name = Products;
			sourceTree = "<group>";
		};
		DAB6FE15207FD340000367AE /* CodeJamApr12 */ = {
			isa = PBXGroup;
			children = (
				DAB6FE16207FD340000367AE /* AppDelegate.h */,
				DAB6FE17207FD340000367AE /* AppDelegate.m */,
				DAB6FE19207FD340000367AE /* ViewController.h */,
				DAB6FE1A207FD340000367AE /* ViewController.m */,
				DAB6FE1C207FD340000367AE /* Main.storyboard */,
				DAB6FE1F207FD341000367AE /* Assets.xcassets */,
				DAB6FE21207FD341000367AE /* LaunchScreen.storyboard */,
				DAB6FE24207FD341000367AE /* Info.plist */,
				DAB6FE25207FD341000367AE /* main.m */,
			);
			path = CodeJamApr12;
			sourceTree = "<group>";
		};
/* End PBXGroup section */

/* Begin PBXNativeTarget section */
		DAB6FE12207FD340000367AE /* CodeJamApr12 */ = {
			isa = PBXNativeTarget;
			buildConfigurationList = DAB6FE29207FD341000367AE /* Build configuration list for PBXNativeTarget "CodeJamApr12" */;
			buildPhases = (
				DAB6FE0F207FD340000367AE /* Sources */,
				DAB6FE10207FD340000367AE /* Frameworks */,
				DAB6FE11207FD340000367AE /* Resources */,
			);
			buildRules = (
			);
			dependencies = (
			);
			name = CodeJamApr12;
			productName = CodeJamApr12;
			productReference = DAB6FE13207FD340000367AE /* CodeJamApr12.app */;
			productType = "com.apple.product-type.application";
		};
/* End PBXNativeTarget section */

/* Begin PBXProject section */
		DAB6FE0B207FD340000367AE /* Project object */ = {
			isa = PBXProject;
			attributes = {
				LastUpgradeCheck = 0930;
				ORGANIZATIONNAME = Paul;
				TargetAttributes = {
					DAB6FE12207FD340000367AE = {
						CreatedOnToolsVersion = 9.3;
					};
				};
			};
			buildConfigurationList = DAB6FE0E207FD340000367AE /* Build configuration list for PBXProject "CodeJamApr12" */;
			compatibilityVersion = "Xcode 9.3";
			developmentRegion = en;
			hasScannedForEncodings = 0;
			knownRegions = (
				en,
				Base,
			);
			mainGroup = DAB6FE0A207FD340000367AE;
			productRefGroup = DAB6FE14207FD340000367AE /* Products */;
			projectDirPath = "";
			projectRoot = "";
			targets = (
				DAB6FE12207FD340000367AE /* CodeJamApr12 */,
			);
		};
/* End PBXProject section */

/* Begin PBXResourcesBuildPhase section */
		DAB6FE11207FD340000367AE /* Resources */ = {
			isa = PBXResourcesBuildPhase;
			buildActionMask = 2147483647;
			files = (
				DAB6FE23207FD341000367AE /* LaunchScreen.storyboard in Resources */,
				DAB6FE20207FD341000367AE /* Assets.xcassets in Resources */,
				DAB6FE1E207FD340000367AE /* Main.storyboard in Resources */,
			);
			runOnlyForDeploymentPostprocessing = 0;
		};
/* End PBXResourcesBuildPhase section */

/* Begin PBXSourcesBuildPhase section */
		DAB6FE0F207FD340000367AE /* Sources */ = {
			isa = PBXSourcesBuildPhase;
			buildActionMask = 2147483647;
			files = (
				DAB6FE1B207FD340000367AE /* ViewController.m in Sources */,
				DAB6FE26207FD341000367AE /* main.m in Sources */,
				DAB6FE18207FD340000367AE /* AppDelegate.m in Sources */,
			);
			runOnlyForDeploymentPostprocessing = 0;
		};
/* End PBXSourcesBuildPhase section */

/* Begin PBXVariantGroup section */
		DAB6FE1C207FD340000367AE /* Main.storyboard */ = {
			isa = PBXVariantGroup;
			children = (
				DAB6FE1D207FD340000367AE /* Base */,
			);
			name = Main.storyboard;
			sourceTree = "<group>";
		};
		DAB6FE21207FD341000367AE /* LaunchScreen.storyboard */ = {
			isa = PBXVariantGroup;
			children = (
				DAB6FE22207FD341000367AE /* Base */,
			);
			name = LaunchScreen.storyboard;
			sourceTree = "<group>";
		};
/* End PBXVariantGroup section */

/* Begin XCBuildConfiguration section */
		DAB6FE27207FD341000367AE /* Debug */ = {
			isa = XCBuildConfiguration;
			buildSettings = {
				ALWAYS_SEARCH_USER_PATHS = NO;
				CLANG_ANALYZER_NONNULL = YES;
				CLANG_ANALYZER_NUMBER_OBJECT_CONVERSION = YES_AGGRESSIVE;
				CLANG_CXX_LANGUAGE_STANDARD = "gnu++14";
				CLANG_CXX_LIBRARY = "libc++";
				CLANG_ENABLE_MODULES = YES;
				CLANG_ENABLE_OBJC_ARC = NO;
				CLANG_ENABLE_OBJC_WEAK = YES;
				CLANG_WARN_BLOCK_CAPTURE_AUTORELEASING = YES;
				CLANG_WARN_BOOL_CONVERSION = YES;
				CLANG_WARN_COMMA = YES;
				CLANG_WARN_CONSTANT_CONVERSION = YES;
				CLANG_WARN_DEPRECATED_OBJC_IMPLEMENTATIONS = YES;
				CLANG_WARN_DIRECT_OBJC_ISA_USAGE = YES_ERROR;
				CLANG_WARN_DOCUMENTATION_COMMENTS = YES;
				CLANG_WARN_EMPTY_BODY = YES;
				CLANG_WARN_ENUM_CONVERSION = YES;
				CLANG_WARN_INFINITE_RECURSION = YES;
				CLANG_WARN_INT_CONVERSION = YES;
				CLANG_WARN_NON_LITERAL_NULL_CONVERSION = YES;
				CLANG_WARN_OBJC_IMPLICIT_RETAIN_SELF = YES;
				CLANG_WARN_OBJC_LITERAL_CONVERSION = YES;
				CLANG_WARN_OBJC_ROOT_CLASS = YES_ERROR;
				CLANG_WARN_RANGE_LOOP_ANALYSIS = YES;
				CLANG_WARN_STRICT_PROTOTYPES = YES;
				CLANG_WARN_SUSPICIOUS_MOVE = YES;
				CLANG_WARN_UNGUARDED_AVAILABILITY = YES_AGGRESSIVE;
				CLANG_WARN_UNREACHABLE_CODE = YES;
				CLANG_WARN__DUPLICATE_METHOD_MATCH = YES;
				CODE_SIGN_IDENTITY = "iPhone Developer";
				COPY_PHASE_STRIP = NO;
				DEBUG_INFORMATION_FORMAT = dwarf;
				ENABLE_STRICT_OBJC_MSGSEND = YES;
				ENABLE_TESTABILITY = YES;
				GCC_C_LANGUAGE_STANDARD = gnu11;
				GCC_DYNAMIC_NO_PIC = NO;
				GCC_NO_COMMON_BLOCKS = YES;
				GCC_OPTIMIZATION_LEVEL = 0;
				GCC_PREPROCESSOR_DEFINITIONS = (
					"DEBUG=1",
					"$(inherited)",
				);
				GCC_WARN_64_TO_32_BIT_CONVERSION = YES;
				GCC_WARN_ABOUT_RETURN_TYPE = YES_ERROR;
				GCC_WARN_UNDECLARED_SELECTOR = YES;
				GCC_WARN_UNINITIALIZED_AUTOS = YES_AGGRESSIVE;
				GCC_WARN_UNUSED_FUNCTION = YES;
				GCC_WARN_UNUSED_VARIABLE = YES;
				IPHONEOS_DEPLOYMENT_TARGET = 11.3;
				MTL_ENABLE_DEBUG_INFO = YES;
				ONLY_ACTIVE_ARCH = YES;
				SDKROOT = iphoneos;
			};
			name = Debug;
		};
		DAB6FE28207FD341000367AE /* Release */ = {
			isa = XCBuildConfiguration;
			buildSettings = {
				ALWAYS_SEARCH_USER_PATHS = NO;
				CLANG_ANALYZER_NONNULL = YES;
				CLANG_ANALYZER_NUMBER_OBJECT_CONVERSION = YES_AGGRESSIVE;
				CLANG_CXX_LANGUAGE_STANDARD = "gnu++14";
				CLANG_CXX_LIBRARY = "libc++";
				CLANG_ENABLE_MODULES = YES;
				CLANG_ENABLE_OBJC_ARC = NO;
				CLANG_ENABLE_OBJC_WEAK = YES;
				CLANG_WARN_BLOCK_CAPTURE_AUTORELEASING = YES;
				CLANG_WARN_BOOL_CONVERSION = YES;
				CLANG_WARN_COMMA = YES;
				CLANG_WARN_CONSTANT_CONVERSION = YES;
				CLANG_WARN_DEPRECATED_OBJC_IMPLEMENTATIONS = YES;
				CLANG_WARN_DIRECT_OBJC_ISA_USAGE = YES_ERROR;
				CLANG_WARN_DOCUMENTATION_COMMENTS = YES;
				CLANG_WARN_EMPTY_BODY = YES;
				CLANG_WARN_ENUM_CONVERSION = YES;
				CLANG_WARN_INFINITE_RECURSION = YES;
				CLANG_WARN_INT_CONVERSION = YES;
				CLANG_WARN_NON_LITERAL_NULL_CONVERSION = YES;
				CLANG_WARN_OBJC_IMPLICIT_RETAIN_SELF = YES;
				CLANG_WARN_OBJC_LITERAL_CONVERSION = YES;
				CLANG_WARN_OBJC_ROOT_CLASS = YES_ERROR;
				CLANG_WARN_RANGE_LOOP_ANALYSIS = YES;
				CLANG_WARN_STRICT_PROTOTYPES = YES;
				CLANG_WARN_SUSPICIOUS_MOVE = YES;
				CLANG_WARN_UNGUARDED_AVAILABILITY = YES_AGGRESSIVE;
				CLANG_WARN_UNREACHABLE_CODE = YES;
				CLANG_WARN__DUPLICATE_METHOD_MATCH = YES;
				CODE_SIGN_IDENTITY = "iPhone Developer";
				COPY_PHASE_STRIP = NO;
				DEBUG_INFORMATION_FORMAT = "dwarf-with-dsym";
				ENABLE_NS_ASSERTIONS = NO;
				ENABLE_STRICT_OBJC_MSGSEND = YES;
				GCC_C_LANGUAGE_STANDARD = gnu11;
				GCC_NO_COMMON_BLOCKS = YES;
				GCC_WARN_64_TO_32_BIT_CONVERSION = YES;
				GCC_WARN_ABOUT_RETURN_TYPE = YES_ERROR;
				GCC_WARN_UNDECLARED_SELECTOR = YES;
				GCC_WARN_UNINITIALIZED_AUTOS = YES_AGGRESSIVE;
				GCC_WARN_UNUSED_FUNCTION = YES;
				GCC_WARN_UNUSED_VARIABLE = YES;
				IPHONEOS_DEPLOYMENT_TARGET = 11.3;
				MTL_ENABLE_DEBUG_INFO = NO;
				SDKROOT = iphoneos;
				VALIDATE_PRODUCT = YES;
			};
			name = Release;
		};
		DAB6FE2A207FD341000367AE /* Debug */ = {
			isa = XCBuildConfiguration;
			buildSettings = {
				ASSETCATALOG_COMPILER_APPICON_NAME = AppIcon;
				CODE_SIGN_STYLE = Automatic;
				DEVELOPMENT_TEAM = RF896M5NY7;
				INFOPLIST_FILE = CodeJamApr12/Info.plist;
				LD_RUNPATH_SEARCH_PATHS = (
					"$(inherited)",
					"@executable_path/Frameworks",
				);
				PRODUCT_BUNDLE_IDENTIFIER = Koka.CodeJamApr12;
				PRODUCT_NAME = "$(TARGET_NAME)";
				TARGETED_DEVICE_FAMILY = "1,2";
			};
			name = Debug;
		};
		DAB6FE2B207FD341000367AE /* Release */ = {
			isa = XCBuildConfiguration;
			buildSettings = {
				ASSETCATALOG_COMPILER_APPICON_NAME = AppIcon;
				CODE_SIGN_STYLE = Automatic;
				DEVELOPMENT_TEAM = RF896M5NY7;
				INFOPLIST_FILE = CodeJamApr12/Info.plist;
				LD_RUNPATH_SEARCH_PATHS = (
					"$(inherited)",
					"@executable_path/Frameworks",
				);
				PRODUCT_BUNDLE_IDENTIFIER = Koka.CodeJamApr12;
				PRODUCT_NAME = "$(TARGET_NAME)";
				TARGETED_DEVICE_FAMILY = "1,2";
			};
			name = Release;
		};
/* End XCBuildConfiguration section */

/* Begin XCConfigurationList section */
		DAB6FE0E207FD340000367AE /* Build configuration list for PBXProject "CodeJamApr12" */ = {
			isa = XCConfigurationList;
			buildConfigurations = (
				DAB6FE27207FD341000367AE /* Debug */,
				DAB6FE28207FD341000367AE /* Release */,
			);
			defaultConfigurationIsVisible = 0;
			defaultConfigurationName = Release;
		};
		DAB6FE29207FD341000367AE /* Build configuration list for PBXNativeTarget "CodeJamApr12" */ = {
			isa = XCConfigurationList;
			buildConfigurations = (
				DAB6FE2A207FD341000367AE /* Debug */,
				DAB6FE2B207FD341000367AE /* Release */,
			);
			defaultConfigurationIsVisible = 0;
			defaultConfigurationName = Release;
		};
/* End XCConfigurationList section */
	};
	rootObject = DAB6FE0B207FD340000367AE /* Project object */;
}
